
Microsoft Visual Studio Solution File, Format Version 12.00
# Visual Studio 15
VisualStudioVersion = 15.0.27428.2011
MinimumVisualStudioVersion = 10.0.40219.1
Project("{FAE04EC0-301F-11D3-BF4B-00C04F79EFBC}") = "PhotonServer", "Photon.Server\PhotonServer.csproj", "{BFEA3598-75D3-4725-A169-EA48865474CE}"
EndProject
Project("{FAE04EC0-301F-11D3-BF4B-00C04F79EFBC}") = "PhotonAgent", "Photon.Agent\PhotonAgent.csproj", "{2DA02660-629D-48A9-BC50-A43BCA23D768}"
EndProject
Project("{FAE04EC0-301F-11D3-BF4B-00C04F79EFBC}") = "Photon.Library", "Photon.Library\Photon.Library.csproj", "{76D31D86-404D-4812-9101-C2F7614F28E7}"
EndProject
Project("{2150E333-8FDC-42A3-9474-1A3956D46DE8}") = "Plugins", "Plugins", "{E08A45CF-4CA4-42BA-8250-D55D6C33C51F}"
EndProject
Project("{FAE04EC0-301F-11D3-BF4B-00C04F79EFBC}") = "Photon.Framework", "Photon.Framework\Photon.Framework.csproj", "{E49360FD-BEAC-4713-A421-579564FB0992}"
EndProject
Project("{FAE04EC0-301F-11D3-BF4B-00C04F79EFBC}") = "Photon.NuGet", "Plugins\Photon.Nuget\Photon.NuGet.csproj", "{9EACE28C-C3AF-4D57-9B6A-6697A1E62E34}"
EndProject
Project("{FAE04EC0-301F-11D3-BF4B-00C04F79EFBC}") = "Photon.IIS", "Plugins\Photon.IIS\Photon.IIS.csproj", "{94AB7EB8-E0CA-46B0-A03B-953AA12250AF}"
EndProject
Project("{FAE04EC0-301F-11D3-BF4B-00C04F79EFBC}") = "Photon.Tests", "Photon.Tests\Photon.Tests.csproj", "{82CD3B6E-F663-40BC-B6A2-E41473D093A3}"
EndProject
Project("{FAE04EC0-301F-11D3-BF4B-00C04F79EFBC}") = "PhotonCLI", "Photon.CLI\PhotonCLI.csproj", "{71EAA761-DC36-4D96-A086-4F1F3586E6B1}"
EndProject
Project("{FAE04EC0-301F-11D3-BF4B-00C04F79EFBC}") = "Photon.Communication", "Photon.Communication\Photon.Communication.csproj", "{E167A349-7691-4406-9F4B-989BD5E6E12F}"
EndProject
Project("{FAE04EC0-301F-11D3-BF4B-00C04F79EFBC}") = "Photon.WindowsServices", "Plugins\Photon.WindowsServices\Photon.WindowsServices.csproj", "{AFB32103-38A3-41BD-886F-93AE354464EA}"
EndProject
Project("{2150E333-8FDC-42A3-9474-1A3956D46DE8}") = "Installers", "Installers", "{131C0824-D616-439B-B04D-92D720DDC02D}"
EndProject
Project("{930C7802-8A8C-48F9-8165-68863BCCD9DD}") = "Photon.Server.Installer", "Installers\Photon.Server.Installer\Photon.Server.Installer.wixproj", "{5D30B6FB-CD15-41AC-9F5E-98BC3DBD0EEA}"
EndProject
Project("{930C7802-8A8C-48F9-8165-68863BCCD9DD}") = "Photon.Agent.Installer", "Installers\Photon.Agent.Installer\Photon.Agent.Installer.wixproj", "{5430788B-8942-4B4D-9A54-733EA3701916}"
EndProject
Project("{FAE04EC0-301F-11D3-BF4B-00C04F79EFBC}") = "Photon.Installer.Common", "Installers\Photon.Installer.Common\Photon.Installer.Common.csproj", "{9160FAA4-CABF-4065-8837-978DEE247E29}"
EndProject
Project("{FAE04EC0-301F-11D3-BF4B-00C04F79EFBC}") = "Photon.Publishing", "Photon.Publishing\Photon.Publishing.csproj", "{5DCBC214-693F-474B-B5A4-7D90D0D05FB2}"
EndProject
Project("{2150E333-8FDC-42A3-9474-1A3956D46DE8}") = "Solution Items", "Solution Items", "{E05F3184-6762-4786-84B0-A592BB8EFE55}"
	ProjectSection(SolutionItems) = preProject
		Tasks\Build.json = Tasks\Build.json
		Tasks\Publish.json = Tasks\Publish.json
	EndProjectSection
EndProject
Project("{930C7802-8A8C-48F9-8165-68863BCCD9DD}") = "Photon.CLI.Installer", "Installers\Photon.CLI.Installer\Photon.CLI.Installer.wixproj", "{0DEF70A0-E6A9-4761-AD41-032D12D1AFBC}"
EndProject
Project("{FAE04EC0-301F-11D3-BF4B-00C04F79EFBC}") = "Photon.Config", "Plugins\Photon.Config\Photon.Config.csproj", "{DBEBE942-C5DC-47DB-A472-3FFF8C965285}"
EndProject
Global
	GlobalSection(SolutionConfigurationPlatforms) = preSolution
		Debug|Any CPU = Debug|Any CPU
		Debug|x86 = Debug|x86
		PI|Any CPU = PI|Any CPU
		PI|x86 = PI|x86
		Release|Any CPU = Release|Any CPU
		Release|x86 = Release|x86
	EndGlobalSection
	GlobalSection(ProjectConfigurationPlatforms) = postSolution
		{BFEA3598-75D3-4725-A169-EA48865474CE}.Debug|Any CPU.ActiveCfg = Debug|Any CPU
		{BFEA3598-75D3-4725-A169-EA48865474CE}.Debug|Any CPU.Build.0 = Debug|Any CPU
		{BFEA3598-75D3-4725-A169-EA48865474CE}.Debug|x86.ActiveCfg = Debug|Any CPU
		{BFEA3598-75D3-4725-A169-EA48865474CE}.Debug|x86.Build.0 = Debug|Any CPU
		{BFEA3598-75D3-4725-A169-EA48865474CE}.PI|Any CPU.ActiveCfg = Release|Any CPU
		{BFEA3598-75D3-4725-A169-EA48865474CE}.PI|Any CPU.Build.0 = Release|Any CPU
		{BFEA3598-75D3-4725-A169-EA48865474CE}.PI|x86.ActiveCfg = Release|Any CPU
		{BFEA3598-75D3-4725-A169-EA48865474CE}.PI|x86.Build.0 = Release|Any CPU
		{BFEA3598-75D3-4725-A169-EA48865474CE}.Release|Any CPU.ActiveCfg = Release|Any CPU
		{BFEA3598-75D3-4725-A169-EA48865474CE}.Release|Any CPU.Build.0 = Release|Any CPU
		{BFEA3598-75D3-4725-A169-EA48865474CE}.Release|x86.ActiveCfg = Release|Any CPU
		{BFEA3598-75D3-4725-A169-EA48865474CE}.Release|x86.Build.0 = Release|Any CPU
		{2DA02660-629D-48A9-BC50-A43BCA23D768}.Debug|Any CPU.ActiveCfg = Debug|Any CPU
		{2DA02660-629D-48A9-BC50-A43BCA23D768}.Debug|Any CPU.Build.0 = Debug|Any CPU
		{2DA02660-629D-48A9-BC50-A43BCA23D768}.Debug|x86.ActiveCfg = Debug|Any CPU
		{2DA02660-629D-48A9-BC50-A43BCA23D768}.Debug|x86.Build.0 = Debug|Any CPU
		{2DA02660-629D-48A9-BC50-A43BCA23D768}.PI|Any CPU.ActiveCfg = PI|Any CPU
		{2DA02660-629D-48A9-BC50-A43BCA23D768}.PI|Any CPU.Build.0 = PI|Any CPU
		{2DA02660-629D-48A9-BC50-A43BCA23D768}.PI|x86.ActiveCfg = Release|Any CPU
		{2DA02660-629D-48A9-BC50-A43BCA23D768}.PI|x86.Build.0 = Release|Any CPU
		{2DA02660-629D-48A9-BC50-A43BCA23D768}.Release|Any CPU.ActiveCfg = Release|Any CPU
		{2DA02660-629D-48A9-BC50-A43BCA23D768}.Release|Any CPU.Build.0 = Release|Any CPU
		{2DA02660-629D-48A9-BC50-A43BCA23D768}.Release|x86.ActiveCfg = Release|Any CPU
		{2DA02660-629D-48A9-BC50-A43BCA23D768}.Release|x86.Build.0 = Release|Any CPU
		{76D31D86-404D-4812-9101-C2F7614F28E7}.Debug|Any CPU.ActiveCfg = Debug|Any CPU
		{76D31D86-404D-4812-9101-C2F7614F28E7}.Debug|Any CPU.Build.0 = Debug|Any CPU
		{76D31D86-404D-4812-9101-C2F7614F28E7}.Debug|x86.ActiveCfg = Debug|Any CPU
		{76D31D86-404D-4812-9101-C2F7614F28E7}.Debug|x86.Build.0 = Debug|Any CPU
		{76D31D86-404D-4812-9101-C2F7614F28E7}.PI|Any CPU.ActiveCfg = Release|Any CPU
		{76D31D86-404D-4812-9101-C2F7614F28E7}.PI|Any CPU.Build.0 = Release|Any CPU
		{76D31D86-404D-4812-9101-C2F7614F28E7}.PI|x86.ActiveCfg = Release|Any CPU
		{76D31D86-404D-4812-9101-C2F7614F28E7}.PI|x86.Build.0 = Release|Any CPU
		{76D31D86-404D-4812-9101-C2F7614F28E7}.Release|Any CPU.ActiveCfg = Release|Any CPU
		{76D31D86-404D-4812-9101-C2F7614F28E7}.Release|Any CPU.Build.0 = Release|Any CPU
		{76D31D86-404D-4812-9101-C2F7614F28E7}.Release|x86.ActiveCfg = Release|Any CPU
		{76D31D86-404D-4812-9101-C2F7614F28E7}.Release|x86.Build.0 = Release|Any CPU
		{E49360FD-BEAC-4713-A421-579564FB0992}.Debug|Any CPU.ActiveCfg = Debug|Any CPU
		{E49360FD-BEAC-4713-A421-579564FB0992}.Debug|Any CPU.Build.0 = Debug|Any CPU
		{E49360FD-BEAC-4713-A421-579564FB0992}.Debug|x86.ActiveCfg = Debug|Any CPU
		{E49360FD-BEAC-4713-A421-579564FB0992}.Debug|x86.Build.0 = Debug|Any CPU
		{E49360FD-BEAC-4713-A421-579564FB0992}.PI|Any CPU.ActiveCfg = Release|Any CPU
		{E49360FD-BEAC-4713-A421-579564FB0992}.PI|Any CPU.Build.0 = Release|Any CPU
		{E49360FD-BEAC-4713-A421-579564FB0992}.PI|x86.ActiveCfg = Release|Any CPU
		{E49360FD-BEAC-4713-A421-579564FB0992}.PI|x86.Build.0 = Release|Any CPU
		{E49360FD-BEAC-4713-A421-579564FB0992}.Release|Any CPU.ActiveCfg = Release|Any CPU
		{E49360FD-BEAC-4713-A421-579564FB0992}.Release|Any CPU.Build.0 = Release|Any CPU
		{E49360FD-BEAC-4713-A421-579564FB0992}.Release|x86.ActiveCfg = Release|Any CPU
		{E49360FD-BEAC-4713-A421-579564FB0992}.Release|x86.Build.0 = Release|Any CPU
		{9EACE28C-C3AF-4D57-9B6A-6697A1E62E34}.Debug|Any CPU.ActiveCfg = Debug|Any CPU
		{9EACE28C-C3AF-4D57-9B6A-6697A1E62E34}.Debug|Any CPU.Build.0 = Debug|Any CPU
		{9EACE28C-C3AF-4D57-9B6A-6697A1E62E34}.Debug|x86.ActiveCfg = Debug|Any CPU
		{9EACE28C-C3AF-4D57-9B6A-6697A1E62E34}.Debug|x86.Build.0 = Debug|Any CPU
		{9EACE28C-C3AF-4D57-9B6A-6697A1E62E34}.PI|Any CPU.ActiveCfg = Release|Any CPU
		{9EACE28C-C3AF-4D57-9B6A-6697A1E62E34}.PI|Any CPU.Build.0 = Release|Any CPU
		{9EACE28C-C3AF-4D57-9B6A-6697A1E62E34}.PI|x86.ActiveCfg = Release|Any CPU
		{9EACE28C-C3AF-4D57-9B6A-6697A1E62E34}.PI|x86.Build.0 = Release|Any CPU
		{9EACE28C-C3AF-4D57-9B6A-6697A1E62E34}.Release|Any CPU.ActiveCfg = Release|Any CPU
		{9EACE28C-C3AF-4D57-9B6A-6697A1E62E34}.Release|Any CPU.Build.0 = Release|Any CPU
		{9EACE28C-C3AF-4D57-9B6A-6697A1E62E34}.Release|x86.ActiveCfg = Release|Any CPU
		{9EACE28C-C3AF-4D57-9B6A-6697A1E62E34}.Release|x86.Build.0 = Release|Any CPU
		{94AB7EB8-E0CA-46B0-A03B-953AA12250AF}.Debug|Any CPU.ActiveCfg = Debug|Any CPU
		{94AB7EB8-E0CA-46B0-A03B-953AA12250AF}.Debug|Any CPU.Build.0 = Debug|Any CPU
		{94AB7EB8-E0CA-46B0-A03B-953AA12250AF}.Debug|x86.ActiveCfg = Debug|Any CPU
		{94AB7EB8-E0CA-46B0-A03B-953AA12250AF}.Debug|x86.Build.0 = Debug|Any CPU
		{94AB7EB8-E0CA-46B0-A03B-953AA12250AF}.PI|Any CPU.ActiveCfg = Release|Any CPU
		{94AB7EB8-E0CA-46B0-A03B-953AA12250AF}.PI|Any CPU.Build.0 = Release|Any CPU
		{94AB7EB8-E0CA-46B0-A03B-953AA12250AF}.PI|x86.ActiveCfg = Release|Any CPU
		{94AB7EB8-E0CA-46B0-A03B-953AA12250AF}.PI|x86.Build.0 = Release|Any CPU
		{94AB7EB8-E0CA-46B0-A03B-953AA12250AF}.Release|Any CPU.ActiveCfg = Release|Any CPU
		{94AB7EB8-E0CA-46B0-A03B-953AA12250AF}.Release|Any CPU.Build.0 = Release|Any CPU
		{94AB7EB8-E0CA-46B0-A03B-953AA12250AF}.Release|x86.ActiveCfg = Release|Any CPU
		{94AB7EB8-E0CA-46B0-A03B-953AA12250AF}.Release|x86.Build.0 = Release|Any CPU
		{82CD3B6E-F663-40BC-B6A2-E41473D093A3}.Debug|Any CPU.ActiveCfg = Debug|Any CPU
		{82CD3B6E-F663-40BC-B6A2-E41473D093A3}.Debug|Any CPU.Build.0 = Debug|Any CPU
		{82CD3B6E-F663-40BC-B6A2-E41473D093A3}.Debug|x86.ActiveCfg = Debug|Any CPU
		{82CD3B6E-F663-40BC-B6A2-E41473D093A3}.Debug|x86.Build.0 = Debug|Any CPU
		{82CD3B6E-F663-40BC-B6A2-E41473D093A3}.PI|Any CPU.ActiveCfg = Release|Any CPU
		{82CD3B6E-F663-40BC-B6A2-E41473D093A3}.PI|Any CPU.Build.0 = Release|Any CPU
		{82CD3B6E-F663-40BC-B6A2-E41473D093A3}.PI|x86.ActiveCfg = Release|Any CPU
		{82CD3B6E-F663-40BC-B6A2-E41473D093A3}.PI|x86.Build.0 = Release|Any CPU
		{82CD3B6E-F663-40BC-B6A2-E41473D093A3}.Release|Any CPU.ActiveCfg = Release|Any CPU
		{82CD3B6E-F663-40BC-B6A2-E41473D093A3}.Release|Any CPU.Build.0 = Release|Any CPU
		{82CD3B6E-F663-40BC-B6A2-E41473D093A3}.Release|x86.ActiveCfg = Release|Any CPU
		{82CD3B6E-F663-40BC-B6A2-E41473D093A3}.Release|x86.Build.0 = Release|Any CPU
		{71EAA761-DC36-4D96-A086-4F1F3586E6B1}.Debug|Any CPU.ActiveCfg = Debug|Any CPU
		{71EAA761-DC36-4D96-A086-4F1F3586E6B1}.Debug|Any CPU.Build.0 = Debug|Any CPU
		{71EAA761-DC36-4D96-A086-4F1F3586E6B1}.Debug|x86.ActiveCfg = Debug|Any CPU
		{71EAA761-DC36-4D96-A086-4F1F3586E6B1}.Debug|x86.Build.0 = Debug|Any CPU
		{71EAA761-DC36-4D96-A086-4F1F3586E6B1}.PI|Any CPU.ActiveCfg = Release|Any CPU
		{71EAA761-DC36-4D96-A086-4F1F3586E6B1}.PI|Any CPU.Build.0 = Release|Any CPU
		{71EAA761-DC36-4D96-A086-4F1F3586E6B1}.PI|x86.ActiveCfg = Release|Any CPU
		{71EAA761-DC36-4D96-A086-4F1F3586E6B1}.PI|x86.Build.0 = Release|Any CPU
		{71EAA761-DC36-4D96-A086-4F1F3586E6B1}.Release|Any CPU.ActiveCfg = Release|Any CPU
		{71EAA761-DC36-4D96-A086-4F1F3586E6B1}.Release|Any CPU.Build.0 = Release|Any CPU
		{71EAA761-DC36-4D96-A086-4F1F3586E6B1}.Release|x86.ActiveCfg = Release|Any CPU
		{71EAA761-DC36-4D96-A086-4F1F3586E6B1}.Release|x86.Build.0 = Release|Any CPU
		{E167A349-7691-4406-9F4B-989BD5E6E12F}.Debug|Any CPU.ActiveCfg = Debug|Any CPU
		{E167A349-7691-4406-9F4B-989BD5E6E12F}.Debug|Any CPU.Build.0 = Debug|Any CPU
		{E167A349-7691-4406-9F4B-989BD5E6E12F}.Debug|x86.ActiveCfg = Debug|Any CPU
		{E167A349-7691-4406-9F4B-989BD5E6E12F}.Debug|x86.Build.0 = Debug|Any CPU
		{E167A349-7691-4406-9F4B-989BD5E6E12F}.PI|Any CPU.ActiveCfg = Release|Any CPU
		{E167A349-7691-4406-9F4B-989BD5E6E12F}.PI|Any CPU.Build.0 = Release|Any CPU
		{E167A349-7691-4406-9F4B-989BD5E6E12F}.PI|x86.ActiveCfg = Release|Any CPU
		{E167A349-7691-4406-9F4B-989BD5E6E12F}.PI|x86.Build.0 = Release|Any CPU
		{E167A349-7691-4406-9F4B-989BD5E6E12F}.Release|Any CPU.ActiveCfg = Release|Any CPU
		{E167A349-7691-4406-9F4B-989BD5E6E12F}.Release|Any CPU.Build.0 = Release|Any CPU
		{E167A349-7691-4406-9F4B-989BD5E6E12F}.Release|x86.ActiveCfg = Release|Any CPU
		{E167A349-7691-4406-9F4B-989BD5E6E12F}.Release|x86.Build.0 = Release|Any CPU
		{AFB32103-38A3-41BD-886F-93AE354464EA}.Debug|Any CPU.ActiveCfg = Debug|Any CPU
		{AFB32103-38A3-41BD-886F-93AE354464EA}.Debug|Any CPU.Build.0 = Debug|Any CPU
		{AFB32103-38A3-41BD-886F-93AE354464EA}.Debug|x86.ActiveCfg = Debug|Any CPU
		{AFB32103-38A3-41BD-886F-93AE354464EA}.Debug|x86.Build.0 = Debug|Any CPU
		{AFB32103-38A3-41BD-886F-93AE354464EA}.PI|Any CPU.ActiveCfg = Release|Any CPU
		{AFB32103-38A3-41BD-886F-93AE354464EA}.PI|Any CPU.Build.0 = Release|Any CPU
		{AFB32103-38A3-41BD-886F-93AE354464EA}.PI|x86.ActiveCfg = Release|Any CPU
		{AFB32103-38A3-41BD-886F-93AE354464EA}.PI|x86.Build.0 = Release|Any CPU
		{AFB32103-38A3-41BD-886F-93AE354464EA}.Release|Any CPU.ActiveCfg = Release|Any CPU
		{AFB32103-38A3-41BD-886F-93AE354464EA}.Release|Any CPU.Build.0 = Release|Any CPU
		{AFB32103-38A3-41BD-886F-93AE354464EA}.Release|x86.ActiveCfg = Release|Any CPU
		{AFB32103-38A3-41BD-886F-93AE354464EA}.Release|x86.Build.0 = Release|Any CPU
		{5D30B6FB-CD15-41AC-9F5E-98BC3DBD0EEA}.Debug|Any CPU.ActiveCfg = Debug|x86
		{5D30B6FB-CD15-41AC-9F5E-98BC3DBD0EEA}.Debug|x86.ActiveCfg = Debug|x86
		{5D30B6FB-CD15-41AC-9F5E-98BC3DBD0EEA}.Debug|x86.Build.0 = Debug|x86
		{5D30B6FB-CD15-41AC-9F5E-98BC3DBD0EEA}.PI|Any CPU.ActiveCfg = Release|x86
		{5D30B6FB-CD15-41AC-9F5E-98BC3DBD0EEA}.PI|x86.ActiveCfg = Release|x86
		{5D30B6FB-CD15-41AC-9F5E-98BC3DBD0EEA}.PI|x86.Build.0 = Release|x86
		{5D30B6FB-CD15-41AC-9F5E-98BC3DBD0EEA}.Release|Any CPU.ActiveCfg = Release|x86
		{5D30B6FB-CD15-41AC-9F5E-98BC3DBD0EEA}.Release|Any CPU.Build.0 = Release|x86
		{5D30B6FB-CD15-41AC-9F5E-98BC3DBD0EEA}.Release|x86.ActiveCfg = Release|x86
		{5D30B6FB-CD15-41AC-9F5E-98BC3DBD0EEA}.Release|x86.Build.0 = Release|x86
		{5430788B-8942-4B4D-9A54-733EA3701916}.Debug|Any CPU.ActiveCfg = Debug|x86
		{5430788B-8942-4B4D-9A54-733EA3701916}.Debug|x86.ActiveCfg = Debug|x86
		{5430788B-8942-4B4D-9A54-733EA3701916}.Debug|x86.Build.0 = Debug|x86
		{5430788B-8942-4B4D-9A54-733EA3701916}.PI|Any CPU.ActiveCfg = Release|x86
		{5430788B-8942-4B4D-9A54-733EA3701916}.PI|x86.ActiveCfg = Release|x86
		{5430788B-8942-4B4D-9A54-733EA3701916}.PI|x86.Build.0 = Release|x86
		{5430788B-8942-4B4D-9A54-733EA3701916}.Release|Any CPU.ActiveCfg = Release|x86
		{5430788B-8942-4B4D-9A54-733EA3701916}.Release|Any CPU.Build.0 = Release|x86
		{5430788B-8942-4B4D-9A54-733EA3701916}.Release|x86.ActiveCfg = Release|x86
		{5430788B-8942-4B4D-9A54-733EA3701916}.Release|x86.Build.0 = Release|x86
		{9160FAA4-CABF-4065-8837-978DEE247E29}.Debug|Any CPU.ActiveCfg = Debug|x86
		{9160FAA4-CABF-4065-8837-978DEE247E29}.Debug|x86.ActiveCfg = Debug|x86
		{9160FAA4-CABF-4065-8837-978DEE247E29}.Debug|x86.Build.0 = Debug|x86
		{9160FAA4-CABF-4065-8837-978DEE247E29}.PI|Any CPU.ActiveCfg = Release|x86
		{9160FAA4-CABF-4065-8837-978DEE247E29}.PI|x86.ActiveCfg = Release|x86
		{9160FAA4-CABF-4065-8837-978DEE247E29}.PI|x86.Build.0 = Release|x86
		{9160FAA4-CABF-4065-8837-978DEE247E29}.Release|Any CPU.ActiveCfg = Release|x86
		{9160FAA4-CABF-4065-8837-978DEE247E29}.Release|Any CPU.Build.0 = Release|x86
		{9160FAA4-CABF-4065-8837-978DEE247E29}.Release|x86.ActiveCfg = Release|x86
		{9160FAA4-CABF-4065-8837-978DEE247E29}.Release|x86.Build.0 = Release|x86
		{5DCBC214-693F-474B-B5A4-7D90D0D05FB2}.Debug|Any CPU.ActiveCfg = Debug|Any CPU
		{5DCBC214-693F-474B-B5A4-7D90D0D05FB2}.Debug|Any CPU.Build.0 = Debug|Any CPU
		{5DCBC214-693F-474B-B5A4-7D90D0D05FB2}.Debug|x86.ActiveCfg = Debug|Any CPU
		{5DCBC214-693F-474B-B5A4-7D90D0D05FB2}.Debug|x86.Build.0 = Debug|Any CPU
		{5DCBC214-693F-474B-B5A4-7D90D0D05FB2}.PI|Any CPU.ActiveCfg = Release|Any CPU
		{5DCBC214-693F-474B-B5A4-7D90D0D05FB2}.PI|Any CPU.Build.0 = Release|Any CPU
		{5DCBC214-693F-474B-B5A4-7D90D0D05FB2}.PI|x86.ActiveCfg = Release|Any CPU
		{5DCBC214-693F-474B-B5A4-7D90D0D05FB2}.PI|x86.Build.0 = Release|Any CPU
		{5DCBC214-693F-474B-B5A4-7D90D0D05FB2}.Release|Any CPU.ActiveCfg = Release|Any CPU
		{5DCBC214-693F-474B-B5A4-7D90D0D05FB2}.Release|Any CPU.Build.0 = Release|Any CPU
		{5DCBC214-693F-474B-B5A4-7D90D0D05FB2}.Release|x86.ActiveCfg = Release|Any CPU
		{5DCBC214-693F-474B-B5A4-7D90D0D05FB2}.Release|x86.Build.0 = Release|Any CPU
		{0DEF70A0-E6A9-4761-AD41-032D12D1AFBC}.Debug|Any CPU.ActiveCfg = Debug|x86
		{0DEF70A0-E6A9-4761-AD41-032D12D1AFBC}.Debug|x86.ActiveCfg = Debug|x86
		{0DEF70A0-E6A9-4761-AD41-032D12D1AFBC}.Debug|x86.Build.0 = Debug|x86
		{0DEF70A0-E6A9-4761-AD41-032D12D1AFBC}.PI|Any CPU.ActiveCfg = Release|x86
		{0DEF70A0-E6A9-4761-AD41-032D12D1AFBC}.PI|x86.ActiveCfg = Release|x86
		{0DEF70A0-E6A9-4761-AD41-032D12D1AFBC}.PI|x86.Build.0 = Release|x86
		{0DEF70A0-E6A9-4761-AD41-032D12D1AFBC}.Release|Any CPU.ActiveCfg = Release|x86
		{0DEF70A0-E6A9-4761-AD41-032D12D1AFBC}.Release|Any CPU.Build.0 = Release|x86
		{0DEF70A0-E6A9-4761-AD41-032D12D1AFBC}.Release|x86.ActiveCfg = Release|x86
		{0DEF70A0-E6A9-4761-AD41-032D12D1AFBC}.Release|x86.Build.0 = Release|x86
		{DBEBE942-C5DC-47DB-A472-3FFF8C965285}.Debug|Any CPU.ActiveCfg = Debug|Any CPU
		{DBEBE942-C5DC-47DB-A472-3FFF8C965285}.Debug|Any CPU.Build.0 = Debug|Any CPU
		{DBEBE942-C5DC-47DB-A472-3FFF8C965285}.Debug|x86.ActiveCfg = Debug|Any CPU
		{DBEBE942-C5DC-47DB-A472-3FFF8C965285}.Debug|x86.Build.0 = Debug|Any CPU
		{DBEBE942-C5DC-47DB-A472-3FFF8C965285}.PI|Any CPU.ActiveCfg = Release|Any CPU
		{DBEBE942-C5DC-47DB-A472-3FFF8C965285}.PI|Any CPU.Build.0 = Release|Any CPU
		{DBEBE942-C5DC-47DB-A472-3FFF8C965285}.PI|x86.ActiveCfg = Release|Any CPU
		{DBEBE942-C5DC-47DB-A472-3FFF8C965285}.PI|x86.Build.0 = Release|Any CPU
		{DBEBE942-C5DC-47DB-A472-3FFF8C965285}.Release|Any CPU.ActiveCfg = Release|Any CPU
		{DBEBE942-C5DC-47DB-A472-3FFF8C965285}.Release|Any CPU.Build.0 = Release|Any CPU
		{DBEBE942-C5DC-47DB-A472-3FFF8C965285}.Release|x86.ActiveCfg = Release|Any CPU
		{DBEBE942-C5DC-47DB-A472-3FFF8C965285}.Release|x86.Build.0 = Release|Any CPU
	EndGlobalSection
	GlobalSection(SolutionProperties) = preSolution
		HideSolutionNode = FALSE
	EndGlobalSection
	GlobalSection(NestedProjects) = preSolution
		{9EACE28C-C3AF-4D57-9B6A-6697A1E62E34} = {E08A45CF-4CA4-42BA-8250-D55D6C33C51F}
		{94AB7EB8-E0CA-46B0-A03B-953AA12250AF} = {E08A45CF-4CA4-42BA-8250-D55D6C33C51F}
		{AFB32103-38A3-41BD-886F-93AE354464EA} = {E08A45CF-4CA4-42BA-8250-D55D6C33C51F}
		{5D30B6FB-CD15-41AC-9F5E-98BC3DBD0EEA} = {131C0824-D616-439B-B04D-92D720DDC02D}
		{5430788B-8942-4B4D-9A54-733EA3701916} = {131C0824-D616-439B-B04D-92D720DDC02D}
		{9160FAA4-CABF-4065-8837-978DEE247E29} = {131C0824-D616-439B-B04D-92D720DDC02D}
		{0DEF70A0-E6A9-4761-AD41-032D12D1AFBC} = {131C0824-D616-439B-B04D-92D720DDC02D}
		{DBEBE942-C5DC-47DB-A472-3FFF8C965285} = {E08A45CF-4CA4-42BA-8250-D55D6C33C51F}
	EndGlobalSection
	GlobalSection(ExtensibilityGlobals) = postSolution
		SolutionGuid = {16471B2A-9C76-4B4E-942F-5D0860A67320}
	EndGlobalSection
EndGlobal
